// !$*UTF8*$!
{
	archiveVersion = 1;
	classes = {
	};
	objectVersion = 48;
	objects = {

/* Begin PBXBuildFile section */
		8A2E9579203E6E5900868D71 /* Task.swift in Sources */ = {isa = PBXBuildFile; fileRef = 8A2E9578203E6E5900868D71 /* Task.swift */; };
		8A771427204D1E110004D845 /* Main.storyboard in Resources */ = {isa = PBXBuildFile; fileRef = 8A771426204D1E110004D845 /* Main.storyboard */; };
		8AEC4FE8203E353700071E3A /* AppDelegate.swift in Sources */ = {isa = PBXBuildFile; fileRef = 8AEC4FE7203E353700071E3A /* AppDelegate.swift */; };
		8AEC4FEA203E353700071E3A /* ViewController.swift in Sources */ = {isa = PBXBuildFile; fileRef = 8AEC4FE9203E353700071E3A /* ViewController.swift */; };
		8AEC4FEF203E353700071E3A /* Assets.xcassets in Resources */ = {isa = PBXBuildFile; fileRef = 8AEC4FEE203E353700071E3A /* Assets.xcassets */; };
		8AEC4FF2203E353700071E3A /* LaunchScreen.storyboard in Resources */ = {isa = PBXBuildFile; fileRef = 8AEC4FF0203E353700071E3A /* LaunchScreen.storyboard */; };
		8AEC4FFA203E45AF00071E3A /* InputViewController.swift in Sources */ = {isa = PBXBuildFile; fileRef = 8AEC4FF9203E45AF00071E3A /* InputViewController.swift */; };
		ACAFF6336CF1A03890185D8C /* Pods_project_taskapp.framework in Frameworks */ = {isa = PBXBuildFile; fileRef = D7297C630FD17CC4430ADAB1 /* Pods_project_taskapp.framework */; };
/* End PBXBuildFile section */

/* Begin PBXFileReference section */
		29FD3AF585729EFDE9AA762C /* Pods-project_taskapp.debug.xcconfig */ = {isa = PBXFileReference; includeInIndex = 1; lastKnownFileType = text.xcconfig; name = "Pods-project_taskapp.debug.xcconfig"; path = "Pods/Target Support Files/Pods-project_taskapp/Pods-project_taskapp.debug.xcconfig"; sourceTree = "<group>"; };
		3CA23C82CBE95A3CC6BABA8A /* Pods-project_taskapp.release.xcconfig */ = {isa = PBXFileReference; includeInIndex = 1; lastKnownFileType = text.xcconfig; name = "Pods-project_taskapp.release.xcconfig"; path = "Pods/Target Support Files/Pods-project_taskapp/Pods-project_taskapp.release.xcconfig"; sourceTree = "<group>"; };
		8A2E9578203E6E5900868D71 /* Task.swift */ = {isa = PBXFileReference; lastKnownFileType = sourcecode.swift; path = Task.swift; sourceTree = "<group>"; };
		8A771426204D1E110004D845 /* Main.storyboard */ = {isa = PBXFileReference; fileEncoding = 4; lastKnownFileType = file.storyboard; path = Main.storyboard; sourceTree = "<group>"; };
		8AEC4FE4203E353700071E3A /* project_taskapp.app */ = {isa = PBXFileReference; explicitFileType = wrapper.application; includeInIndex = 0; path = project_taskapp.app; sourceTree = BUILT_PRODUCTS_DIR; };
		8AEC4FE7203E353700071E3A /* AppDelegate.swift */ = {isa = PBXFileReference; lastKnownFileType = sourcecode.swift; path = AppDelegate.swift; sourceTree = "<group>"; };
		8AEC4FE9203E353700071E3A /* ViewController.swift */ = {isa = PBXFileReference; lastKnownFileType = sourcecode.swift; path = ViewController.swift; sourceTree = "<group>"; };
		8AEC4FEE203E353700071E3A /* Assets.xcassets */ = {isa = PBXFileReference; lastKnownFileType = folder.assetcatalog; path = Assets.xcassets; sourceTree = "<group>"; };
		8AEC4FF1203E353700071E3A /* Base */ = {isa = PBXFileReference; lastKnownFileType = file.storyboard; name = Base; path = Base.lproj/LaunchScreen.storyboard; sourceTree = "<group>"; };
		8AEC4FF3203E353700071E3A /* Info.plist */ = {isa = PBXFileReference; lastKnownFileType = text.plist.xml; path = Info.plist; sourceTree = "<group>"; };
		8AEC4FF9203E45AF00071E3A /* InputViewController.swift */ = {isa = PBXFileReference; lastKnownFileType = sourcecode.swift; path = InputViewController.swift; sourceTree = "<group>"; };
		D7297C630FD17CC4430ADAB1 /* Pods_project_taskapp.framework */ = {isa = PBXFileReference; explicitFileType = wrapper.framework; includeInIndex = 0; path = Pods_project_taskapp.framework; sourceTree = BUILT_PRODUCTS_DIR; };
/* End PBXFileReference section */

/* Begin PBXFrameworksBuildPhase section */
		8AEC4FE1203E353700071E3A /* Frameworks */ = {
			isa = PBXFrameworksBuildPhase;
			buildActionMask = 2147483647;
			files = (
				ACAFF6336CF1A03890185D8C /* Pods_project_taskapp.framework in Frameworks */,
			);
			runOnlyForDeploymentPostprocessing = 0;
		};
/* End PBXFrameworksBuildPhase section */

/* Begin PBXGroup section */
		47D5228C66A10B50080095B3 /* Frameworks */ = {
			isa = PBXGroup;
			children = (
				D7297C630FD17CC4430ADAB1 /* Pods_project_taskapp.framework */,
			);
			name = Frameworks;
			sourceTree = "<group>";
		};
		54652F7B2DBF05646E74FF04 /* Pods */ = {
			isa = PBXGroup;
			children = (
				29FD3AF585729EFDE9AA762C /* Pods-project_taskapp.debug.xcconfig */,
				3CA23C82CBE95A3CC6BABA8A /* Pods-project_taskapp.release.xcconfig */,
			);
			name = Pods;
			sourceTree = "<group>";
		};
		8AEC4FDB203E353700071E3A = {
			isa = PBXGroup;
			children = (
				8AEC4FE6203E353700071E3A /* project_taskapp */,
				8AEC4FE5203E353700071E3A /* Products */,
				54652F7B2DBF05646E74FF04 /* Pods */,
				47D5228C66A10B50080095B3 /* Frameworks */,
			);
			sourceTree = "<group>";
		};
		8AEC4FE5203E353700071E3A /* Products */ = {
			isa = PBXGroup;
			children = (
				8AEC4FE4203E353700071E3A /* project_taskapp.app */,
			);
			name = Products;
			sourceTree = "<group>";
		};
		8AEC4FE6203E353700071E3A /* project_taskapp */ = {
			isa = PBXGroup;
			children = (
				8AEC4FE7203E353700071E3A /* AppDelegate.swift */,
				8AEC4FE9203E353700071E3A /* ViewController.swift */,
				8AEC4FEE203E353700071E3A /* Assets.xcassets */,
				8AEC4FF0203E353700071E3A /* LaunchScreen.storyboard */,
				8A771426204D1E110004D845 /* Main.storyboard */,
				8AEC4FF3203E353700071E3A /* Info.plist */,
				8AEC4FF9203E45AF00071E3A /* InputViewController.swift */,
				8A2E9578203E6E5900868D71 /* Task.swift */,
			);
			path = project_taskapp;
			sourceTree = "<group>";
		};
/* End PBXGroup section */

/* Begin PBXNativeTarget section */
		8AEC4FE3203E353700071E3A /* project_taskapp */ = {
			isa = PBXNativeTarget;
			buildConfigurationList = 8AEC4FF6203E353700071E3A /* Build configuration list for PBXNativeTarget "project_taskapp" */;
			buildPhases = (
				ED57DF3714996EC64382B4B4 /* [CP] Check Pods Manifest.lock */,
				8AEC4FE0203E353700071E3A /* Sources */,
				8AEC4FE1203E353700071E3A /* Frameworks */,
				8AEC4FE2203E353700071E3A /* Resources */,
				4A418156A020E818C8F342C1 /* [CP] Embed Pods Frameworks */,
				FD18C43942F3A9C74AAC624F /* [CP] Copy Pods Resources */,
			);
			buildRules = (
			);
			dependencies = (
			);
			name = project_taskapp;
			productName = project_taskapp;
			productReference = 8AEC4FE4203E353700071E3A /* project_taskapp.app */;
			productType = "com.apple.product-type.application";
		};
/* End PBXNativeTarget section */

/* Begin PBXProject section */
		8AEC4FDC203E353700071E3A /* Project object */ = {
			isa = PBXProject;
			attributes = {
				LastSwiftUpdateCheck = 0920;
				LastUpgradeCheck = 0920;
				ORGANIZATIONNAME = Ta2ya1228;
				TargetAttributes = {
					8AEC4FE3203E353700071E3A = {
						CreatedOnToolsVersion = 9.2;
						ProvisioningStyle = Automatic;
					};
				};
			};
			buildConfigurationList = 8AEC4FDF203E353700071E3A /* Build configuration list for PBXProject "project_taskapp" */;
			compatibilityVersion = "Xcode 8.0";
			developmentRegion = en;
			hasScannedForEncodings = 0;
			knownRegions = (
				en,
				Base,
			);
			mainGroup = 8AEC4FDB203E353700071E3A;
			productRefGroup = 8AEC4FE5203E353700071E3A /* Products */;
			projectDirPath = "";
			projectRoot = "";
			targets = (
				8AEC4FE3203E353700071E3A /* project_taskapp */,
			);
		};
/* End PBXProject section */

/* Begin PBXResourcesBuildPhase section */
		8AEC4FE2203E353700071E3A /* Resources */ = {
			isa = PBXResourcesBuildPhase;
			buildActionMask = 2147483647;
			files = (
				8A771427204D1E110004D845 /* Main.storyboard in Resources */,
				8AEC4FF2203E353700071E3A /* LaunchScreen.storyboard in Resources */,
				8AEC4FEF203E353700071E3A /* Assets.xcassets in Resources */,
			);
			runOnlyForDeploymentPostprocessing = 0;
		};
/* End PBXResourcesBuildPhase section */

/* Begin PBXShellScriptBuildPhase section */
		4A418156A020E818C8F342C1 /* [CP] Embed Pods Frameworks */ = {
			isa = PBXShellScriptBuildPhase;
			buildActionMask = 2147483647;
			files = (
			);
			inputPaths = (
				"${SRCROOT}/Pods/Target Support Files/Pods-project_taskapp/Pods-project_taskapp-frameworks.sh",
				"${BUILT_PRODUCTS_DIR}/Realm/Realm.framework",
				"${BUILT_PRODUCTS_DIR}/RealmSwift/RealmSwift.framework",
			);
			name = "[CP] Embed Pods Frameworks";
			outputPaths = (
				"${TARGET_BUILD_DIR}/${FRAMEWORKS_FOLDER_PATH}/Realm.framework",
				"${TARGET_BUILD_DIR}/${FRAMEWORKS_FOLDER_PATH}/RealmSwift.framework",
			);
			runOnlyForDeploymentPostprocessing = 0;
			shellPath = /bin/sh;
			shellScript = "\"${SRCROOT}/Pods/Target Support Files/Pods-project_taskapp/Pods-project_taskapp-frameworks.sh\"\n";
			showEnvVarsInLog = 0;
		};
		ED57DF3714996EC64382B4B4 /* [CP] Check Pods Manifest.lock */ = {
			isa = PBXShellScriptBuildPhase;
			buildActionMask = 2147483647;
			files = (
			);
			inputPaths = (
				"${PODS_PODFILE_DIR_PATH}/Podfile.lock",
				"${PODS_ROOT}/Manifest.lock",
			);
			name = "[CP] Check Pods Manifest.lock";
			outputPaths = (
				"$(DERIVED_FILE_DIR)/Pods-project_taskapp-checkManifestLockResult.txt",
			);
			runOnlyForDeploymentPostprocessing = 0;
			shellPath = /bin/sh;
			shellScript = "diff \"${PODS_PODFILE_DIR_PATH}/Podfile.lock\" \"${PODS_ROOT}/Manifest.lock\" > /dev/null\nif [ $? != 0 ] ; then\n    # print error to STDERR\n    echo \"error: The sandbox is not in sync with the Podfile.lock. Run 'pod install' or update your CocoaPods installation.\" >&2\n    exit 1\nfi\n# This output is used by Xcode 'outputs' to avoid re-running this script phase.\necho \"SUCCESS\" > \"${SCRIPT_OUTPUT_FILE_0}\"\n";
			showEnvVarsInLog = 0;
		};
		FD18C43942F3A9C74AAC624F /* [CP] Copy Pods Resources */ = {
			isa = PBXShellScriptBuildPhase;
			buildActionMask = 2147483647;
			files = (
			);
			inputPaths = (
			);
			name = "[CP] Copy Pods Resources";
			outputPaths = (
			);
			runOnlyForDeploymentPostprocessing = 0;
			shellPath = /bin/sh;
			shellScript = "\"${SRCROOT}/Pods/Target Support Files/Pods-project_taskapp/Pods-project_taskapp-resources.sh\"\n";
			showEnvVarsInLog = 0;
		};
/* End PBXShellScriptBuildPhase section */

/* Begin PBXSourcesBuildPhase section */
		8AEC4FE0203E353700071E3A /* Sources */ = {
			isa = PBXSourcesBuildPhase;
			buildActionMask = 2147483647;
			files = (
				8A2E9579203E6E5900868D71 /* Task.swift in Sources */,
				8AEC4FFA203E45AF00071E3A /* InputViewController.swift in Sources */,
				8AEC4FEA203E353700071E3A /* ViewController.swift in Sources */,
				8AEC4FE8203E353700071E3A /* AppDelegate.swift in Sources */,
			);
			runOnlyForDeploymentPostprocessing = 0;
		};
/* End PBXSourcesBuildPhase section */

/* Begin PBXVariantGroup section */
		8AEC4FF0203E353700071E3A /* LaunchScreen.storyboard */ = {
			isa = PBXVariantGroup;
			children = (
				8AEC4FF1203E353700071E3A /* Base */,
			);
			name = LaunchScreen.storyboard;
			sourceTree = "<group>";
		};
/* End PBXVariantGroup section */

/* Begin XCBuildConfiguration section */
		8AEC4FF4203E353700071E3A /* Debug */ = {
			isa = XCBuildConfiguration;
			buildSettings = {
				ALWAYS_SEARCH_USER_PATHS = NO;
				CLANG_ANALYZER_NONNULL = YES;
				CLANG_ANALYZER_NUMBER_OBJECT_CONVERSION = YES_AGGRESSIVE;
				CLANG_CXX_LANGUAGE_STANDARD = "gnu++14";
				CLANG_CXX_LIBRARY = "libc++";
				CLANG_ENABLE_MODULES = YES;
				CLANG_ENABLE_OBJC_ARC = YES;
				CLANG_WARN_BLOCK_CAPTURE_AUTORELEASING = YES;
				CLANG_WARN_BOOL_CONVERSION = YES;
				CLANG_WARN_COMMA = YES;
				CLANG_WARN_CONSTANT_CONVERSION = YES;
				CLANG_WARN_DIRECT_OBJC_ISA_USAGE = YES_ERROR;
				CLANG_WARN_DOCUMENTATION_COMMENTS = YES;
				CLANG_WARN_EMPTY_BODY = YES;
				CLANG_WARN_ENUM_CONVERSION = YES;
				CLANG_WARN_INFINITE_RECURSION = YES;
				CLANG_WARN_INT_CONVERSION = YES;
				CLANG_WARN_NON_LITERAL_NULL_CONVERSION = YES;
				CLANG_WARN_OBJC_LITERAL_CONVERSION = YES;
				CLANG_WARN_OBJC_ROOT_CLASS = YES_ERROR;
				CLANG_WARN_RANGE_LOOP_ANALYSIS = YES;
				CLANG_WARN_STRICT_PROTOTYPES = YES;
				CLANG_WARN_SUSPICIOUS_MOVE = YES;
				CLANG_WARN_UNGUARDED_AVAILABILITY = YES_AGGRESSIVE;
				CLANG_WARN_UNREACHABLE_CODE = YES;
				CLANG_WARN__DUPLICATE_METHOD_MATCH = YES;
				CODE_SIGN_IDENTITY = "iPhone Developer";
				COPY_PHASE_STRIP = NO;
				DEBUG_INFORMATION_FORMAT = dwarf;
				ENABLE_STRICT_OBJC_MSGSEND = YES;
				ENABLE_TESTABILITY = YES;
				GCC_C_LANGUAGE_STANDARD = gnu11;
				GCC_DYNAMIC_NO_PIC = NO;
				GCC_NO_COMMON_BLOCKS = YES;
				GCC_OPTIMIZATION_LEVEL = 0;
				GCC_PREPROCESSOR_DEFINITIONS = (
					"DEBUG=1",
					"$(inherited)",
				);
				GCC_WARN_64_TO_32_BIT_CONVERSION = YES;
				GCC_WARN_ABOUT_RETURN_TYPE = YES_ERROR;
				GCC_WARN_UNDECLARED_SELECTOR = YES;
				GCC_WARN_UNINITIALIZED_AUTOS = YES_AGGRESSIVE;
				GCC_WARN_UNUSED_FUNCTION = YES;
				GCC_WARN_UNUSED_VARIABLE = YES;
				IPHONEOS_DEPLOYMENT_TARGET = 11.2;
				MTL_ENABLE_DEBUG_INFO = YES;
				ONLY_ACTIVE_ARCH = YES;
				SDKROOT = iphoneos;
				SWIFT_ACTIVE_COMPILATION_CONDITIONS = DEBUG;
				SWIFT_OPTIMIZATION_LEVEL = "-Onone";
			};
			name = Debug;
		};
		8AEC4FF5203E353700071E3A /* Release */ = {
			isa = XCBuildConfiguration;
			buildSettings = {
				ALWAYS_SEARCH_USER_PATHS = NO;
				CLANG_ANALYZER_NONNULL = YES;
				CLANG_ANALYZER_NUMBER_OBJECT_CONVERSION = YES_AGGRESSIVE;
				CLANG_CXX_LANGUAGE_STANDARD = "gnu++14";
				CLANG_CXX_LIBRARY = "libc++";
				CLANG_ENABLE_MODULES = YES;
				CLANG_ENABLE_OBJC_ARC = YES;
				CLANG_WARN_BLOCK_CAPTURE_AUTORELEASING = YES;
				CLANG_WARN_BOOL_CONVERSION = YES;
				CLANG_WARN_COMMA = YES;
				CLANG_WARN_CONSTANT_CONVERSION = YES;
				CLANG_WARN_DIRECT_OBJC_ISA_USAGE = YES_ERROR;
				CLANG_WARN_DOCUMENTATION_COMMENTS = YES;
				CLANG_WARN_EMPTY_BODY = YES;
				CLANG_WARN_ENUM_CONVERSION = YES;
				CLANG_WARN_INFINITE_RECURSION = YES;
				CLANG_WARN_INT_CONVERSION = YES;
				CLANG_WARN_NON_LITERAL_NULL_CONVERSION = YES;
				CLANG_WARN_OBJC_LITERAL_CONVERSION = YES;
				CLANG_WARN_OBJC_ROOT_CLASS = YES_ERROR;
				CLANG_WARN_RANGE_LOOP_ANALYSIS = YES;
				CLANG_WARN_STRICT_PROTOTYPES = YES;
				CLANG_WARN_SUSPICIOUS_MOVE = YES;
				CLANG_WARN_UNGUARDED_AVAILABILITY = YES_AGGRESSIVE;
				CLANG_WARN_UNREACHABLE_CODE = YES;
				CLANG_WARN__DUPLICATE_METHOD_MATCH = YES;
				CODE_SIGN_IDENTITY = "iPhone Developer";
				COPY_PHASE_STRIP = NO;
				DEBUG_INFORMATION_FORMAT = "dwarf-with-dsym";
				ENABLE_NS_ASSERTIONS = NO;
				ENABLE_STRICT_OBJC_MSGSEND = YES;
				GCC_C_LANGUAGE_STANDARD = gnu11;
				GCC_NO_COMMON_BLOCKS = YES;
				GCC_WARN_64_TO_32_BIT_CONVERSION = YES;
				GCC_WARN_ABOUT_RETURN_TYPE = YES_ERROR;
				GCC_WARN_UNDECLARED_SELECTOR = YES;
				GCC_WARN_UNINITIALIZED_AUTOS = YES_AGGRESSIVE;
				GCC_WARN_UNUSED_FUNCTION = YES;
				GCC_WARN_UNUSED_VARIABLE = YES;
				IPHONEOS_DEPLOYMENT_TARGET = 11.2;
				MTL_ENABLE_DEBUG_INFO = NO;
				SDKROOT = iphoneos;
				SWIFT_OPTIMIZATION_LEVEL = "-Owholemodule";
				VALIDATE_PRODUCT = YES;
			};
			name = Release;
		};
		8AEC4FF7203E353700071E3A /* Debug */ = {
			isa = XCBuildConfiguration;
			baseConfigurationReference = 29FD3AF585729EFDE9AA762C /* Pods-project_taskapp.debug.xcconfig */;
			buildSettings = {
				ASSETCATALOG_COMPILER_APPICON_NAME = AppIcon;
				CODE_SIGN_STYLE = Automatic;
				INFOPLIST_FILE = project_taskapp/Info.plist;
				LD_RUNPATH_SEARCH_PATHS = "$(inherited) @executable_path/Frameworks";
				PRODUCT_BUNDLE_IDENTIFIER = "jp.techacademy.Ta2ya0901.project-taskapp";
				PRODUCT_NAME = "$(TARGET_NAME)";
				SWIFT_VERSION = 4.0;
				TARGETED_DEVICE_FAMILY = "1,2";
			};
			name = Debug;
		};
		8AEC4FF8203E353700071E3A /* Release */ = {
			isa = XCBuildConfiguration;
			baseConfigurationReference = 3CA23C82CBE95A3CC6BABA8A /* Pods-project_taskapp.release.xcconfig */;
			buildSettings = {
				ASSETCATALOG_COMPILER_APPICON_NAME = AppIcon;
				CODE_SIGN_STYLE = Automatic;
				INFOPLIST_FILE = project_taskapp/Info.plist;
				LD_RUNPATH_SEARCH_PATHS = "$(inherited) @executable_path/Frameworks";
				PRODUCT_BUNDLE_IDENTIFIER = "jp.techacademy.Ta2ya0901.project-taskapp";
				PRODUCT_NAME = "$(TARGET_NAME)";
				SWIFT_VERSION = 4.0;
				TARGETED_DEVICE_FAMILY = "1,2";
			};
			name = Release;
		};
/* End XCBuildConfiguration section */

/* Begin XCConfigurationList section */
		8AEC4FDF203E353700071E3A /* Build configuration list for PBXProject "project_taskapp" */ = {
			isa = XCConfigurationList;
			buildConfigurations = (
				8AEC4FF4203E353700071E3A /* Debug */,
				8AEC4FF5203E353700071E3A /* Release */,
			);
			defaultConfigurationIsVisible = 0;
			defaultConfigurationName = Release;
		};
		8AEC4FF6203E353700071E3A /* Build configuration list for PBXNativeTarget "project_taskapp" */ = {
			isa = XCConfigurationList;
			buildConfigurations = (
				8AEC4FF7203E353700071E3A /* Debug */,
				8AEC4FF8203E353700071E3A /* Release */,
			);
			defaultConfigurationIsVisible = 0;
			defaultConfigurationName = Release;
		};
/* End XCConfigurationList section */
	};
	rootObject = 8AEC4FDC203E353700071E3A /* Project object */;
}
